{
  "name": "week14",
  "version": "1.0.0",
  "lockfileVersion": 1,
  "requires": true,
  "dependencies": {
    "commander": {
      "version": "2.20.3",
      "resolved": "https://registry.npmjs.org/commander/-/commander-2.20.3.tgz",
      "integrity": "sha512-GpVkmM8vF2vQUkj2LvZmD35JxeJOLCwJ9cUkugyk2nuhbv3+mJvpLYYt+0+USMxE+oj+ey/lJEnhZw75x/OMcQ=="
    },
    "lodash": {
      "version": "4.17.19",
      "resolved": "https://registry.npmjs.org/lodash/-/lodash-4.17.19.tgz",
      "integrity": "sha512-JNvd8XER9GQX0v2qJgsaN/mzFCNA5BRe/j8JN9d+tWyGLSodKQHKFicdwNYzWwI3wjRnaKPsGj1XkBjx/F96DQ=="
    },
    "uglify-js": {
      "version": "3.9.2",
      "resolved": "https://registry.npmjs.org/uglify-js/-/uglify-js-3.9.2.tgz",
      "integrity": "sha512-zGVwKslUAD/EeqOrD1nQaBmXIHl1Vw371we8cvS8I6mYK9rmgX5tv8AAeJdfsQ3Kk5mGax2SVV/AizxdNGhl7Q==",
      "requires": {
        "commander": "~2.20.3"
      }
    }
  }
}
